
Microsoft Visual Studio Solution File, Format Version 12.00
# Visual Studio Version 16
VisualStudioVersion = 16.0.32510.428
MinimumVisualStudioVersion = 10.0.40219.1
Project("{8BC9CEB8-8B4A-11D0-8D11-00A0C91BC942}") = "pose", "pose\pose.vcxproj", "{F1AB7345-F39B-4F38-A98E-DEC0586CD18C}"
EndProject
Project("{8BC9CEB8-8B4A-11D0-8D11-00A0C91BC942}") = "serial_rs232", "serial_rs232\serial_rs232.vcxproj", "{9DBA045A-9548-4BBA-B797-F2F179F79E41}"
EndProject
Project("{2150E333-8FDC-42A3-9474-1A3956D46DE8}") = "Solution Items", "Solution Items", "{00D3925B-FDD4-49CE-B007-09E303C353BC}"
	ProjectSection(SolutionItems) = preProject
		README.md = README.md
	EndProjectSection
EndProject
Project("{8BC9CEB8-8B4A-11D0-8D11-00A0C91BC942}") = "pose_camera", "pose_camera\pose_camera.vcxproj", "{0E21E799-D04B-4E43-8AE7-2233CC1F9C76}"
EndProject
Global
	GlobalSection(SolutionConfigurationPlatforms) = preSolution
		Debug|x64 = Debug|x64
		Debug|x86 = Debug|x86
		Release|x64 = Release|x64
		Release|x86 = Release|x86
	EndGlobalSection
	GlobalSection(ProjectConfigurationPlatforms) = postSolution
		{F1AB7345-F39B-4F38-A98E-DEC0586CD18C}.Debug|x64.ActiveCfg = Debug|x64
		{F1AB7345-F39B-4F38-A98E-DEC0586CD18C}.Debug|x64.Build.0 = Debug|x64
		{F1AB7345-F39B-4F38-A98E-DEC0586CD18C}.Debug|x86.ActiveCfg = Debug|Win32
		{F1AB7345-F39B-4F38-A98E-DEC0586CD18C}.Debug|x86.Build.0 = Debug|Win32
		{F1AB7345-F39B-4F38-A98E-DEC0586CD18C}.Release|x64.ActiveCfg = Release|x64
		{F1AB7345-F39B-4F38-A98E-DEC0586CD18C}.Release|x64.Build.0 = Release|x64
		{F1AB7345-F39B-4F38-A98E-DEC0586CD18C}.Release|x86.ActiveCfg = Release|Win32
		{F1AB7345-F39B-4F38-A98E-DEC0586CD18C}.Release|x86.Build.0 = Release|Win32
		{9DBA045A-9548-4BBA-B797-F2F179F79E41}.Debug|x64.ActiveCfg = Debug|x64
		{9DBA045A-9548-4BBA-B797-F2F179F79E41}.Debug|x64.Build.0 = Debug|x64
		{9DBA045A-9548-4BBA-B797-F2F179F79E41}.Debug|x86.ActiveCfg = Debug|Win32
		{9DBA045A-9548-4BBA-B797-F2F179F79E41}.Debug|x86.Build.0 = Debug|Win32
		{9DBA045A-9548-4BBA-B797-F2F179F79E41}.Release|x64.ActiveCfg = Release|x64
		{9DBA045A-9548-4BBA-B797-F2F179F79E41}.Release|x64.Build.0 = Release|x64
		{9DBA045A-9548-4BBA-B797-F2F179F79E41}.Release|x86.ActiveCfg = Release|Win32
		{9DBA045A-9548-4BBA-B797-F2F179F79E41}.Release|x86.Build.0 = Release|Win32
		{0E21E799-D04B-4E43-8AE7-2233CC1F9C76}.Debug|x64.ActiveCfg = Debug|x64
		{0E21E799-D04B-4E43-8AE7-2233CC1F9C76}.Debug|x64.Build.0 = Debug|x64
		{0E21E799-D04B-4E43-8AE7-2233CC1F9C76}.Debug|x86.ActiveCfg = Debug|Win32
		{0E21E799-D04B-4E43-8AE7-2233CC1F9C76}.Debug|x86.Build.0 = Debug|Win32
		{0E21E799-D04B-4E43-8AE7-2233CC1F9C76}.Release|x64.ActiveCfg = Release|x64
		{0E21E799-D04B-4E43-8AE7-2233CC1F9C76}.Release|x64.Build.0 = Release|x64
		{0E21E799-D04B-4E43-8AE7-2233CC1F9C76}.Release|x86.ActiveCfg = Release|Win32
		{0E21E799-D04B-4E43-8AE7-2233CC1F9C76}.Release|x86.Build.0 = Release|Win32
	EndGlobalSection
	GlobalSection(SolutionProperties) = preSolution
		HideSolutionNode = FALSE
	EndGlobalSection
	GlobalSection(ExtensibilityGlobals) = postSolution
		SolutionGuid = {61A9E663-9185-4A4B-AB6E-186D1301B20A}
	EndGlobalSection
EndGlobal
